
Microsoft Visual Studio Solution File, Format Version 12.00
# Visual Studio Version 17
VisualStudioVersion = 17.13.35931.197
MinimumVisualStudioVersion = 10.0.40219.1
Project("{FAE04EC0-301F-11D3-BF4B-00C04F79EFBC}") = "V.TcExtractor.Console", "V.TcExtractor.Console\V.TcExtractor.Console.csproj", "{0E78BE07-A4CF-3F7C-95CD-885D99BAD7F3}"
EndProject
Project("{FAE04EC0-301F-11D3-BF4B-00C04F79EFBC}") = "V.TcExtractor.Infrastructure.CsvStorage", "V.TcExtractor.Infrastructure.CsvStorage\V.TcExtractor.Infrastructure.CsvStorage.csproj", "{994A134B-1644-4664-B3C2-A4B979DEC5DC}"
EndProject
Project("{FAE04EC0-301F-11D3-BF4B-00C04F79EFBC}") = "V.TcExtractor.Domain", "V.TcExtractor.Domain\V.TcExtractor.Domain.csproj", "{FEA5AD16-B2F5-4161-A69F-CA4C7CAE86F4}"
EndProject
Project("{FAE04EC0-301F-11D3-BF4B-00C04F79EFBC}") = "V.TcExtractor.Application", "V.TcExtractor.Application\V.TcExtractor.Application.csproj", "{C9A209A1-0BF5-4B68-8FD5-D5745EBADDB2}"
EndProject
Project("{FAE04EC0-301F-11D3-BF4B-00C04F79EFBC}") = "V.TcExtractor.Infrastructure.OfficeDocuments", "V.TcExtractor.Infrastructure.OfficeDocuments\V.TcExtractor.Infrastructure.OfficeDocuments.csproj", "{57BFACD3-3269-4496-908A-F1A028379A70}"
EndProject
Project("{FAE04EC0-301F-11D3-BF4B-00C04F79EFBC}") = "V.TcExtractor.Infrastructure.OfficeDocuments.Tests", "V.TcExtractor.Infrastructure.OfficeDocuments.Tests\V.TcExtractor.Infrastructure.OfficeDocuments.Tests.csproj", "{485E169D-B45F-48E0-B286-D43A2C10D49F}"
EndProject
Project("{2150E333-8FDC-42A3-9474-1A3956D46DE8}") = "Tests", "Tests", "{02EA681E-C7D8-13C7-8484-4AC65E1B71E8}"
EndProject
Project("{FAE04EC0-301F-11D3-BF4B-00C04F79EFBC}") = "V.TcExtractor.Infrastructure.CsvStorage.Tests", "V.TcExtractor.Infrastructure.CsvStorage.Tests\V.TcExtractor.Infrastructure.CsvStorage.Tests.csproj", "{79A7796A-7228-4882-808A-04DB60FEBD63}"
EndProject
Project("{FAE04EC0-301F-11D3-BF4B-00C04F79EFBC}") = "V.TcExtractor.Application.Tests", "V.TcExtractor.Application.Tests\V.TcExtractor.Application.Tests.csproj", "{C6185F3A-01E8-48F9-8A4C-17B1C6C2D921}"
EndProject
Project("{FAE04EC0-301F-11D3-BF4B-00C04F79EFBC}") = "V.TcExtractor.Integration.Tests", "V.TcExtractor.Integration.Tests\V.TcExtractor.Integration.Tests.csproj", "{FB3837B6-57F9-4750-AFC8-EF4FC3D85299}"
EndProject
Project("{FAE04EC0-301F-11D3-BF4B-00C04F79EFBC}") = "V.TcExtractor.Domain.Tests", "V.TcExtractor.Domain.Tests\V.TcExtractor.Domain.Tests.csproj", "{7445C432-7CB9-42C3-A804-F859E0893998}"
EndProject
Global
	GlobalSection(SolutionConfigurationPlatforms) = preSolution
		Debug|Any CPU = Debug|Any CPU
		Release|Any CPU = Release|Any CPU
	EndGlobalSection
	GlobalSection(ProjectConfigurationPlatforms) = postSolution
		{0E78BE07-A4CF-3F7C-95CD-885D99BAD7F3}.Debug|Any CPU.ActiveCfg = Debug|Any CPU
		{0E78BE07-A4CF-3F7C-95CD-885D99BAD7F3}.Debug|Any CPU.Build.0 = Debug|Any CPU
		{0E78BE07-A4CF-3F7C-95CD-885D99BAD7F3}.Release|Any CPU.ActiveCfg = Release|Any CPU
		{0E78BE07-A4CF-3F7C-95CD-885D99BAD7F3}.Release|Any CPU.Build.0 = Release|Any CPU
		{994A134B-1644-4664-B3C2-A4B979DEC5DC}.Debug|Any CPU.ActiveCfg = Debug|Any CPU
		{994A134B-1644-4664-B3C2-A4B979DEC5DC}.Debug|Any CPU.Build.0 = Debug|Any CPU
		{994A134B-1644-4664-B3C2-A4B979DEC5DC}.Release|Any CPU.ActiveCfg = Release|Any CPU
		{994A134B-1644-4664-B3C2-A4B979DEC5DC}.Release|Any CPU.Build.0 = Release|Any CPU
		{FEA5AD16-B2F5-4161-A69F-CA4C7CAE86F4}.Debug|Any CPU.ActiveCfg = Debug|Any CPU
		{FEA5AD16-B2F5-4161-A69F-CA4C7CAE86F4}.Debug|Any CPU.Build.0 = Debug|Any CPU
		{FEA5AD16-B2F5-4161-A69F-CA4C7CAE86F4}.Release|Any CPU.ActiveCfg = Release|Any CPU
		{FEA5AD16-B2F5-4161-A69F-CA4C7CAE86F4}.Release|Any CPU.Build.0 = Release|Any CPU
		{C9A209A1-0BF5-4B68-8FD5-D5745EBADDB2}.Debug|Any CPU.ActiveCfg = Debug|Any CPU
		{C9A209A1-0BF5-4B68-8FD5-D5745EBADDB2}.Debug|Any CPU.Build.0 = Debug|Any CPU
		{C9A209A1-0BF5-4B68-8FD5-D5745EBADDB2}.Release|Any CPU.ActiveCfg = Release|Any CPU
		{C9A209A1-0BF5-4B68-8FD5-D5745EBADDB2}.Release|Any CPU.Build.0 = Release|Any CPU
		{57BFACD3-3269-4496-908A-F1A028379A70}.Debug|Any CPU.ActiveCfg = Debug|Any CPU
		{57BFACD3-3269-4496-908A-F1A028379A70}.Debug|Any CPU.Build.0 = Debug|Any CPU
		{57BFACD3-3269-4496-908A-F1A028379A70}.Release|Any CPU.ActiveCfg = Release|Any CPU
		{57BFACD3-3269-4496-908A-F1A028379A70}.Release|Any CPU.Build.0 = Release|Any CPU
		{485E169D-B45F-48E0-B286-D43A2C10D49F}.Debug|Any CPU.ActiveCfg = Debug|Any CPU
		{485E169D-B45F-48E0-B286-D43A2C10D49F}.Debug|Any CPU.Build.0 = Debug|Any CPU
		{485E169D-B45F-48E0-B286-D43A2C10D49F}.Release|Any CPU.ActiveCfg = Release|Any CPU
		{485E169D-B45F-48E0-B286-D43A2C10D49F}.Release|Any CPU.Build.0 = Release|Any CPU
		{79A7796A-7228-4882-808A-04DB60FEBD63}.Debug|Any CPU.ActiveCfg = Debug|Any CPU
		{79A7796A-7228-4882-808A-04DB60FEBD63}.Debug|Any CPU.Build.0 = Debug|Any CPU
		{79A7796A-7228-4882-808A-04DB60FEBD63}.Release|Any CPU.ActiveCfg = Release|Any CPU
		{79A7796A-7228-4882-808A-04DB60FEBD63}.Release|Any CPU.Build.0 = Release|Any CPU
		{C6185F3A-01E8-48F9-8A4C-17B1C6C2D921}.Debug|Any CPU.ActiveCfg = Debug|Any CPU
		{C6185F3A-01E8-48F9-8A4C-17B1C6C2D921}.Debug|Any CPU.Build.0 = Debug|Any CPU
		{C6185F3A-01E8-48F9-8A4C-17B1C6C2D921}.Release|Any CPU.ActiveCfg = Release|Any CPU
		{C6185F3A-01E8-48F9-8A4C-17B1C6C2D921}.Release|Any CPU.Build.0 = Release|Any CPU
		{FB3837B6-57F9-4750-AFC8-EF4FC3D85299}.Debug|Any CPU.ActiveCfg = Debug|Any CPU
		{FB3837B6-57F9-4750-AFC8-EF4FC3D85299}.Debug|Any CPU.Build.0 = Debug|Any CPU
		{FB3837B6-57F9-4750-AFC8-EF4FC3D85299}.Release|Any CPU.ActiveCfg = Release|Any CPU
		{FB3837B6-57F9-4750-AFC8-EF4FC3D85299}.Release|Any CPU.Build.0 = Release|Any CPU
		{7445C432-7CB9-42C3-A804-F859E0893998}.Debug|Any CPU.ActiveCfg = Debug|Any CPU
		{7445C432-7CB9-42C3-A804-F859E0893998}.Debug|Any CPU.Build.0 = Debug|Any CPU
		{7445C432-7CB9-42C3-A804-F859E0893998}.Release|Any CPU.ActiveCfg = Release|Any CPU
		{7445C432-7CB9-42C3-A804-F859E0893998}.Release|Any CPU.Build.0 = Release|Any CPU
	EndGlobalSection
	GlobalSection(SolutionProperties) = preSolution
		HideSolutionNode = FALSE
	EndGlobalSection
	GlobalSection(NestedProjects) = preSolution
		{485E169D-B45F-48E0-B286-D43A2C10D49F} = {02EA681E-C7D8-13C7-8484-4AC65E1B71E8}
		{79A7796A-7228-4882-808A-04DB60FEBD63} = {02EA681E-C7D8-13C7-8484-4AC65E1B71E8}
		{C6185F3A-01E8-48F9-8A4C-17B1C6C2D921} = {02EA681E-C7D8-13C7-8484-4AC65E1B71E8}
		{FB3837B6-57F9-4750-AFC8-EF4FC3D85299} = {02EA681E-C7D8-13C7-8484-4AC65E1B71E8}
	EndGlobalSection
	GlobalSection(ExtensibilityGlobals) = postSolution
		SolutionGuid = {305BB150-8B18-4750-8C09-1DCE2AEDFD68}
	EndGlobalSection
EndGlobal
